// !$*UTF8*$!
{
	archiveVersion = 1;
	classes = {
	};
	objectVersion = 46;
	objects = {

/* Begin PBXBuildFile section */
		22057EC824E0AEAA7FE5CCEE /* Pods_Makestagram.framework in Frameworks */ = {isa = PBXBuildFile; fileRef = 2761EFC9726C52FE28E1E0CE /* Pods_Makestagram.framework */; };
		FFBD284A1F0D724500474E86 /* AppDelegate.swift in Sources */ = {isa = PBXBuildFile; fileRef = FFBD28491F0D724500474E86 /* AppDelegate.swift */; };
		FFBD28511F0D724500474E86 /* Assets.xcassets in Resources */ = {isa = PBXBuildFile; fileRef = FFBD28501F0D724500474E86 /* Assets.xcassets */; };
		FFBD287B1F0DB78700474E86 /* LaunchScreen.storyboard in Resources */ = {isa = PBXBuildFile; fileRef = FFBD28791F0DB78700474E86 /* LaunchScreen.storyboard */; };
		FFBD287C1F0DB78700474E86 /* Main.storyboard in Resources */ = {isa = PBXBuildFile; fileRef = FFBD287A1F0DB78700474E86 /* Main.storyboard */; };
		FFBD287F1F0DB7A100474E86 /* GoogleService-Info.plist in Resources */ = {isa = PBXBuildFile; fileRef = FFBD287D1F0DB7A100474E86 /* GoogleService-Info.plist */; };
		FFBD28821F0DB7AA00474E86 /* ViewController.swift in Sources */ = {isa = PBXBuildFile; fileRef = FFBD28811F0DB7AA00474E86 /* ViewController.swift */; };
		FFBD28871F0E721C00474E86 /* Login.storyboard in Resources */ = {isa = PBXBuildFile; fileRef = FFBD28861F0E721C00474E86 /* Login.storyboard */; };
		FFBD28891F0E731E00474E86 /* LoginViewController.swift in Sources */ = {isa = PBXBuildFile; fileRef = FFBD28881F0E731E00474E86 /* LoginViewController.swift */; };
		FFBD28901F0EBA9A00474E86 /* User.swift in Sources */ = {isa = PBXBuildFile; fileRef = FFBD288F1F0EBA9A00474E86 /* User.swift */; };
/* End PBXBuildFile section */

/* Begin PBXFileReference section */
		2761EFC9726C52FE28E1E0CE /* Pods_Makestagram.framework */ = {isa = PBXFileReference; explicitFileType = wrapper.framework; includeInIndex = 0; path = Pods_Makestagram.framework; sourceTree = BUILT_PRODUCTS_DIR; };
		446F5C7095A40F198A919268 /* Pods-Makestagram.release.xcconfig */ = {isa = PBXFileReference; includeInIndex = 1; lastKnownFileType = text.xcconfig; name = "Pods-Makestagram.release.xcconfig"; path = "Pods/Target Support Files/Pods-Makestagram/Pods-Makestagram.release.xcconfig"; sourceTree = "<group>"; };
		553A79115BF215499CD45C5D /* Pods-Makestagram.debug.xcconfig */ = {isa = PBXFileReference; includeInIndex = 1; lastKnownFileType = text.xcconfig; name = "Pods-Makestagram.debug.xcconfig"; path = "Pods/Target Support Files/Pods-Makestagram/Pods-Makestagram.debug.xcconfig"; sourceTree = "<group>"; };
		FFBD28461F0D724500474E86 /* Makestagram.app */ = {isa = PBXFileReference; explicitFileType = wrapper.application; includeInIndex = 0; path = Makestagram.app; sourceTree = BUILT_PRODUCTS_DIR; };
		FFBD28491F0D724500474E86 /* AppDelegate.swift */ = {isa = PBXFileReference; lastKnownFileType = sourcecode.swift; path = AppDelegate.swift; sourceTree = "<group>"; };
		FFBD28501F0D724500474E86 /* Assets.xcassets */ = {isa = PBXFileReference; lastKnownFileType = folder.assetcatalog; path = Assets.xcassets; sourceTree = "<group>"; };
		FFBD28791F0DB78700474E86 /* LaunchScreen.storyboard */ = {isa = PBXFileReference; fileEncoding = 4; lastKnownFileType = file.storyboard; name = LaunchScreen.storyboard; path = Storyboards/LaunchScreen.storyboard; sourceTree = "<group>"; };
		FFBD287A1F0DB78700474E86 /* Main.storyboard */ = {isa = PBXFileReference; fileEncoding = 4; lastKnownFileType = file.storyboard; name = Main.storyboard; path = Storyboards/Main.storyboard; sourceTree = "<group>"; };
		FFBD287D1F0DB7A100474E86 /* GoogleService-Info.plist */ = {isa = PBXFileReference; fileEncoding = 4; lastKnownFileType = text.plist.xml; name = "GoogleService-Info.plist"; path = "Supporting/GoogleService-Info.plist"; sourceTree = "<group>"; };
		FFBD287E1F0DB7A100474E86 /* Info.plist */ = {isa = PBXFileReference; fileEncoding = 4; lastKnownFileType = text.plist.xml; name = Info.plist; path = Supporting/Info.plist; sourceTree = "<group>"; };
		FFBD28811F0DB7AA00474E86 /* ViewController.swift */ = {isa = PBXFileReference; fileEncoding = 4; lastKnownFileType = sourcecode.swift; name = ViewController.swift; path = Controllers/ViewController.swift; sourceTree = "<group>"; };
		FFBD28861F0E721C00474E86 /* Login.storyboard */ = {isa = PBXFileReference; fileEncoding = 4; lastKnownFileType = file.storyboard; name = Login.storyboard; path = Storyboards/Login.storyboard; sourceTree = "<group>"; };
		FFBD28881F0E731E00474E86 /* LoginViewController.swift */ = {isa = PBXFileReference; fileEncoding = 4; lastKnownFileType = sourcecode.swift; name = LoginViewController.swift; path = Controllers/LoginViewController.swift; sourceTree = "<group>"; };
		FFBD288F1F0EBA9A00474E86 /* User.swift */ = {isa = PBXFileReference; fileEncoding = 4; lastKnownFileType = sourcecode.swift; path = User.swift; sourceTree = "<group>"; };
/* End PBXFileReference section */

/* Begin PBXFrameworksBuildPhase section */
		FFBD28431F0D724500474E86 /* Frameworks */ = {
			isa = PBXFrameworksBuildPhase;
			buildActionMask = 2147483647;
			files = (
				22057EC824E0AEAA7FE5CCEE /* Pods_Makestagram.framework in Frameworks */,
			);
			runOnlyForDeploymentPostprocessing = 0;
		};
/* End PBXFrameworksBuildPhase section */

/* Begin PBXGroup section */
		469D40D7FA3A5064276C1156 /* Pods */ = {
			isa = PBXGroup;
			children = (
				553A79115BF215499CD45C5D /* Pods-Makestagram.debug.xcconfig */,
				446F5C7095A40F198A919268 /* Pods-Makestagram.release.xcconfig */,
			);
			name = Pods;
			sourceTree = "<group>";
		};
		FE8332991BBCD4FCAC7A1434 /* Frameworks */ = {
			isa = PBXGroup;
			children = (
				2761EFC9726C52FE28E1E0CE /* Pods_Makestagram.framework */,
			);
			name = Frameworks;
			sourceTree = "<group>";
		};
		FFBD283D1F0D724500474E86 = {
			isa = PBXGroup;
			children = (
				FFBD28481F0D724500474E86 /* Makestagram */,
				FFBD28471F0D724500474E86 /* Products */,
				469D40D7FA3A5064276C1156 /* Pods */,
				FE8332991BBCD4FCAC7A1434 /* Frameworks */,
			);
			sourceTree = "<group>";
		};
		FFBD28471F0D724500474E86 /* Products */ = {
			isa = PBXGroup;
			children = (
				FFBD28461F0D724500474E86 /* Makestagram.app */,
			);
			name = Products;
			sourceTree = "<group>";
		};
		FFBD28481F0D724500474E86 /* Makestagram */ = {
			isa = PBXGroup;
			children = (
				FFBD28491F0D724500474E86 /* AppDelegate.swift */,
				FFBD288E1F0EBA8C00474E86 /* Models */,
				FFBD28851F0E6FC800474E86 /* View Controllers */,
				FFBD28831F0E6FA300474E86 /* Supporting Files */,
				FFBD28841F0E6FB500474E86 /* Storyboards */,
				FFBD28501F0D724500474E86 /* Assets.xcassets */,
			);
			path = Makestagram;
			sourceTree = "<group>";
		};
		FFBD28831F0E6FA300474E86 /* Supporting Files */ = {
			isa = PBXGroup;
			children = (
				FFBD287D1F0DB7A100474E86 /* GoogleService-Info.plist */,
				FFBD287E1F0DB7A100474E86 /* Info.plist */,
				FFBD28791F0DB78700474E86 /* LaunchScreen.storyboard */,
			);
			name = "Supporting Files";
			sourceTree = "<group>";
		};
		FFBD28841F0E6FB500474E86 /* Storyboards */ = {
			isa = PBXGroup;
			children = (
				FFBD287A1F0DB78700474E86 /* Main.storyboard */,
				FFBD28861F0E721C00474E86 /* Login.storyboard */,
			);
			name = Storyboards;
			sourceTree = "<group>";
		};
		FFBD28851F0E6FC800474E86 /* View Controllers */ = {
			isa = PBXGroup;
			children = (
				FFBD28811F0DB7AA00474E86 /* ViewController.swift */,
				FFBD28881F0E731E00474E86 /* LoginViewController.swift */,
			);
			name = "View Controllers";
			sourceTree = "<group>";
		};
		FFBD288E1F0EBA8C00474E86 /* Models */ = {
			isa = PBXGroup;
			children = (
				FFBD288F1F0EBA9A00474E86 /* User.swift */,
			);
			path = Models;
			sourceTree = "<group>";
		};
/* End PBXGroup section */

/* Begin PBXNativeTarget section */
		FFBD28451F0D724500474E86 /* Makestagram */ = {
			isa = PBXNativeTarget;
			buildConfigurationList = FFBD28581F0D724500474E86 /* Build configuration list for PBXNativeTarget "Makestagram" */;
			buildPhases = (
				455190751AA2556896BB60A5 /* [CP] Check Pods Manifest.lock */,
				FFBD28421F0D724500474E86 /* Sources */,
				FFBD28431F0D724500474E86 /* Frameworks */,
				FFBD28441F0D724500474E86 /* Resources */,
				9D4625A5301EFF3E504EDFD5 /* [CP] Embed Pods Frameworks */,
				8DCA8FD8FF372A1DE66A3314 /* [CP] Copy Pods Resources */,
			);
			buildRules = (
			);
			dependencies = (
			);
			name = Makestagram;
			productName = Makestagram;
			productReference = FFBD28461F0D724500474E86 /* Makestagram.app */;
			productType = "com.apple.product-type.application";
		};
/* End PBXNativeTarget section */

/* Begin PBXProject section */
		FFBD283E1F0D724500474E86 /* Project object */ = {
			isa = PBXProject;
			attributes = {
				LastSwiftUpdateCheck = 0830;
				LastUpgradeCheck = 0830;
				ORGANIZATIONNAME = JoeSuzuki;
				TargetAttributes = {
					FFBD28451F0D724500474E86 = {
						CreatedOnToolsVersion = 8.3.2;
						ProvisioningStyle = Automatic;
					};
				};
			};
			buildConfigurationList = FFBD28411F0D724500474E86 /* Build configuration list for PBXProject "Makestagram" */;
			compatibilityVersion = "Xcode 3.2";
			developmentRegion = English;
			hasScannedForEncodings = 0;
			knownRegions = (
				en,
				Base,
			);
			mainGroup = FFBD283D1F0D724500474E86;
			productRefGroup = FFBD28471F0D724500474E86 /* Products */;
			projectDirPath = "";
			projectRoot = "";
			targets = (
				FFBD28451F0D724500474E86 /* Makestagram */,
			);
		};
/* End PBXProject section */

/* Begin PBXResourcesBuildPhase section */
		FFBD28441F0D724500474E86 /* Resources */ = {
			isa = PBXResourcesBuildPhase;
			buildActionMask = 2147483647;
			files = (
				FFBD287C1F0DB78700474E86 /* Main.storyboard in Resources */,
				FFBD287F1F0DB7A100474E86 /* GoogleService-Info.plist in Resources */,
				FFBD28511F0D724500474E86 /* Assets.xcassets in Resources */,
				FFBD28871F0E721C00474E86 /* Login.storyboard in Resources */,
				FFBD287B1F0DB78700474E86 /* LaunchScreen.storyboard in Resources */,
			);
			runOnlyForDeploymentPostprocessing = 0;
		};
/* End PBXResourcesBuildPhase section */

/* Begin PBXShellScriptBuildPhase section */
		455190751AA2556896BB60A5 /* [CP] Check Pods Manifest.lock */ = {
			isa = PBXShellScriptBuildPhase;
			buildActionMask = 2147483647;
			files = (
			);
			inputPaths = (
			);
			name = "[CP] Check Pods Manifest.lock";
			outputPaths = (
			);
			runOnlyForDeploymentPostprocessing = 0;
			shellPath = /bin/sh;
			shellScript = "diff \"${PODS_PODFILE_DIR_PATH}/Podfile.lock\" \"${PODS_ROOT}/Manifest.lock\" > /dev/null\nif [ $? != 0 ] ; then\n    # print error to STDERR\n    echo \"error: The sandbox is not in sync with the Podfile.lock. Run 'pod install' or update your CocoaPods installation.\" >&2\n    exit 1\nfi\n";
			showEnvVarsInLog = 0;
		};
		8DCA8FD8FF372A1DE66A3314 /* [CP] Copy Pods Resources */ = {
			isa = PBXShellScriptBuildPhase;
			buildActionMask = 2147483647;
			files = (
			);
			inputPaths = (
			);
			name = "[CP] Copy Pods Resources";
			outputPaths = (
			);
			runOnlyForDeploymentPostprocessing = 0;
			shellPath = /bin/sh;
			shellScript = "\"${SRCROOT}/Pods/Target Support Files/Pods-Makestagram/Pods-Makestagram-resources.sh\"\n";
			showEnvVarsInLog = 0;
		};
		9D4625A5301EFF3E504EDFD5 /* [CP] Embed Pods Frameworks */ = {
			isa = PBXShellScriptBuildPhase;
			buildActionMask = 2147483647;
			files = (
			);
			inputPaths = (
			);
			name = "[CP] Embed Pods Frameworks";
			outputPaths = (
			);
			runOnlyForDeploymentPostprocessing = 0;
			shellPath = /bin/sh;
			shellScript = "\"${SRCROOT}/Pods/Target Support Files/Pods-Makestagram/Pods-Makestagram-frameworks.sh\"\n";
			showEnvVarsInLog = 0;
		};
/* End PBXShellScriptBuildPhase section */

/* Begin PBXSourcesBuildPhase section */
		FFBD28421F0D724500474E86 /* Sources */ = {
			isa = PBXSourcesBuildPhase;
			buildActionMask = 2147483647;
			files = (
				FFBD28901F0EBA9A00474E86 /* User.swift in Sources */,
				FFBD28891F0E731E00474E86 /* LoginViewController.swift in Sources */,
				FFBD28821F0DB7AA00474E86 /* ViewController.swift in Sources */,
				FFBD284A1F0D724500474E86 /* AppDelegate.swift in Sources */,
			);
			runOnlyForDeploymentPostprocessing = 0;
		};
/* End PBXSourcesBuildPhase section */

/* Begin XCBuildConfiguration section */
		FFBD28561F0D724500474E86 /* Debug */ = {
			isa = XCBuildConfiguration;
			buildSettings = {
				ALWAYS_SEARCH_USER_PATHS = NO;
				CLANG_ANALYZER_NONNULL = YES;
				CLANG_ANALYZER_NUMBER_OBJECT_CONVERSION = YES_AGGRESSIVE;
				CLANG_CXX_LANGUAGE_STANDARD = "gnu++0x";
				CLANG_CXX_LIBRARY = "libc++";
				CLANG_ENABLE_MODULES = YES;
				CLANG_ENABLE_OBJC_ARC = YES;
				CLANG_WARN_BOOL_CONVERSION = YES;
				CLANG_WARN_CONSTANT_CONVERSION = YES;
				CLANG_WARN_DIRECT_OBJC_ISA_USAGE = YES_ERROR;
				CLANG_WARN_DOCUMENTATION_COMMENTS = YES;
				CLANG_WARN_EMPTY_BODY = YES;
				CLANG_WARN_ENUM_CONVERSION = YES;
				CLANG_WARN_INFINITE_RECURSION = YES;
				CLANG_WARN_INT_CONVERSION = YES;
				CLANG_WARN_OBJC_ROOT_CLASS = YES_ERROR;
				CLANG_WARN_SUSPICIOUS_MOVE = YES;
				CLANG_WARN_UNREACHABLE_CODE = YES;
				CLANG_WARN__DUPLICATE_METHOD_MATCH = YES;
				"CODE_SIGN_IDENTITY[sdk=iphoneos*]" = "iPhone Developer";
				COPY_PHASE_STRIP = NO;
				DEBUG_INFORMATION_FORMAT = dwarf;
				ENABLE_STRICT_OBJC_MSGSEND = YES;
				ENABLE_TESTABILITY = YES;
				GCC_C_LANGUAGE_STANDARD = gnu99;
				GCC_DYNAMIC_NO_PIC = NO;
				GCC_NO_COMMON_BLOCKS = YES;
				GCC_OPTIMIZATION_LEVEL = 0;
				GCC_PREPROCESSOR_DEFINITIONS = (
					"DEBUG=1",
					"$(inherited)",
				);
				GCC_WARN_64_TO_32_BIT_CONVERSION = YES;
				GCC_WARN_ABOUT_RETURN_TYPE = YES_ERROR;
				GCC_WARN_UNDECLARED_SELECTOR = YES;
				GCC_WARN_UNINITIALIZED_AUTOS = YES_AGGRESSIVE;
				GCC_WARN_UNUSED_FUNCTION = YES;
				GCC_WARN_UNUSED_VARIABLE = YES;
				IPHONEOS_DEPLOYMENT_TARGET = 10.3;
				MTL_ENABLE_DEBUG_INFO = YES;
				ONLY_ACTIVE_ARCH = YES;
				SDKROOT = iphoneos;
				SWIFT_ACTIVE_COMPILATION_CONDITIONS = DEBUG;
				SWIFT_OPTIMIZATION_LEVEL = "-Onone";
			};
			name = Debug;
		};
		FFBD28571F0D724500474E86 /* Release */ = {
			isa = XCBuildConfiguration;
			buildSettings = {
				ALWAYS_SEARCH_USER_PATHS = NO;
				CLANG_ANALYZER_NONNULL = YES;
				CLANG_ANALYZER_NUMBER_OBJECT_CONVERSION = YES_AGGRESSIVE;
				CLANG_CXX_LANGUAGE_STANDARD = "gnu++0x";
				CLANG_CXX_LIBRARY = "libc++";
				CLANG_ENABLE_MODULES = YES;
				CLANG_ENABLE_OBJC_ARC = YES;
				CLANG_WARN_BOOL_CONVERSION = YES;
				CLANG_WARN_CONSTANT_CONVERSION = YES;
				CLANG_WARN_DIRECT_OBJC_ISA_USAGE = YES_ERROR;
				CLANG_WARN_DOCUMENTATION_COMMENTS = YES;
				CLANG_WARN_EMPTY_BODY = YES;
				CLANG_WARN_ENUM_CONVERSION = YES;
				CLANG_WARN_INFINITE_RECURSION = YES;
				CLANG_WARN_INT_CONVERSION = YES;
				CLANG_WARN_OBJC_ROOT_CLASS = YES_ERROR;
				CLANG_WARN_SUSPICIOUS_MOVE = YES;
				CLANG_WARN_UNREACHABLE_CODE = YES;
				CLANG_WARN__DUPLICATE_METHOD_MATCH = YES;
				"CODE_SIGN_IDENTITY[sdk=iphoneos*]" = "iPhone Developer";
				COPY_PHASE_STRIP = NO;
				DEBUG_INFORMATION_FORMAT = "dwarf-with-dsym";
				ENABLE_NS_ASSERTIONS = NO;
				ENABLE_STRICT_OBJC_MSGSEND = YES;
				GCC_C_LANGUAGE_STANDARD = gnu99;
				GCC_NO_COMMON_BLOCKS = YES;
				GCC_WARN_64_TO_32_BIT_CONVERSION = YES;
				GCC_WARN_ABOUT_RETURN_TYPE = YES_ERROR;
				GCC_WARN_UNDECLARED_SELECTOR = YES;
				GCC_WARN_UNINITIALIZED_AUTOS = YES_AGGRESSIVE;
				GCC_WARN_UNUSED_FUNCTION = YES;
				GCC_WARN_UNUSED_VARIABLE = YES;
				IPHONEOS_DEPLOYMENT_TARGET = 10.3;
				MTL_ENABLE_DEBUG_INFO = NO;
				SDKROOT = iphoneos;
				SWIFT_OPTIMIZATION_LEVEL = "-Owholemodule";
				VALIDATE_PRODUCT = YES;
			};
			name = Release;
		};
		FFBD28591F0D724500474E86 /* Debug */ = {
			isa = XCBuildConfiguration;
			baseConfigurationReference = 553A79115BF215499CD45C5D /* Pods-Makestagram.debug.xcconfig */;
			buildSettings = {
				ASSETCATALOG_COMPILER_APPICON_NAME = AppIcon;
				INFOPLIST_FILE = "$(SRCROOT)/Makestagram/Supporting/Info.plist";
				LD_RUNPATH_SEARCH_PATHS = "$(inherited) @executable_path/Frameworks";
				PRODUCT_BUNDLE_IDENTIFIER = com.JSuzuki.Makestagram;
				PRODUCT_NAME = "$(TARGET_NAME)";
				SWIFT_VERSION = 3.0;
			};
			name = Debug;
		};
		FFBD285A1F0D724500474E86 /* Release */ = {
			isa = XCBuildConfiguration;
			baseConfigurationReference = 446F5C7095A40F198A919268 /* Pods-Makestagram.release.xcconfig */;
			buildSettings = {
				ASSETCATALOG_COMPILER_APPICON_NAME = AppIcon;
				INFOPLIST_FILE = "$(SRCROOT)/Makestagram/Supporting/Info.plist";
				LD_RUNPATH_SEARCH_PATHS = "$(inherited) @executable_path/Frameworks";
				PRODUCT_BUNDLE_IDENTIFIER = com.JSuzuki.Makestagram;
				PRODUCT_NAME = "$(TARGET_NAME)";
				SWIFT_VERSION = 3.0;
			};
			name = Release;
		};
/* End XCBuildConfiguration section */

/* Begin XCConfigurationList section */
		FFBD28411F0D724500474E86 /* Build configuration list for PBXProject "Makestagram" */ = {
			isa = XCConfigurationList;
			buildConfigurations = (
				FFBD28561F0D724500474E86 /* Debug */,
				FFBD28571F0D724500474E86 /* Release */,
			);
			defaultConfigurationIsVisible = 0;
			defaultConfigurationName = Release;
		};
		FFBD28581F0D724500474E86 /* Build configuration list for PBXNativeTarget "Makestagram" */ = {
			isa = XCConfigurationList;
			buildConfigurations = (
				FFBD28591F0D724500474E86 /* Debug */,
				FFBD285A1F0D724500474E86 /* Release */,
			);
			defaultConfigurationIsVisible = 0;
			defaultConfigurationName = Release;
		};
/* End XCConfigurationList section */
	};
	rootObject = FFBD283E1F0D724500474E86 /* Project object */;
}
