// !$*UTF8*$!
{
	archiveVersion = 1;
	classes = {
	};
	objectVersion = 46;
	objects = {

/* Begin PBXBuildFile section */
		03D1642DBD3EEB6539A65F09 /* Pods_Makestagram.framework in Frameworks */ = {isa = PBXBuildFile; fileRef = BDC67B8890F1ECE54C488994 /* Pods_Makestagram.framework */; };
		FFC233C71F15172A00FBB8AF /* CreateUsernameViewController.swift in Sources */ = {isa = PBXBuildFile; fileRef = FFC233C61F15172A00FBB8AF /* CreateUsernameViewController.swift */; };
		FFC233CA1F15248A00FBB8AF /* UserService.swift in Sources */ = {isa = PBXBuildFile; fileRef = FFC233C91F15248900FBB8AF /* UserService.swift */; };
		FFC233CC1F15444300FBB8AF /* Constants.swift in Sources */ = {isa = PBXBuildFile; fileRef = FFC233CB1F15444300FBB8AF /* Constants.swift */; };
		FFDC64531F13C1F700C7705C /* AppDelegate.swift in Sources */ = {isa = PBXBuildFile; fileRef = FFDC64521F13C1F700C7705C /* AppDelegate.swift */; };
		FFDC645A1F13C1F700C7705C /* Assets.xcassets in Resources */ = {isa = PBXBuildFile; fileRef = FFDC64591F13C1F700C7705C /* Assets.xcassets */; };
		FFDC646D1F13C5A100C7705C /* LaunchScreen.storyboard in Resources */ = {isa = PBXBuildFile; fileRef = FFDC64681F13C5A100C7705C /* LaunchScreen.storyboard */; };
		FFDC646E1F13C5A100C7705C /* Main.storyboard in Resources */ = {isa = PBXBuildFile; fileRef = FFDC64691F13C5A100C7705C /* Main.storyboard */; };
		FFDC64711F13C5A100C7705C /* ViewController.swift in Sources */ = {isa = PBXBuildFile; fileRef = FFDC646C1F13C5A100C7705C /* ViewController.swift */; };
		FFDC64791F13C9F500C7705C /* Login.storyboard in Resources */ = {isa = PBXBuildFile; fileRef = FFDC64781F13C9F500C7705C /* Login.storyboard */; };
		FFDC647D1F13CB4400C7705C /* LoginViewController.swift in Sources */ = {isa = PBXBuildFile; fileRef = FFDC647C1F13CB4400C7705C /* LoginViewController.swift */; };
		FFDC64831F14073E00C7705C /* GoogleService-Info.plist in Resources */ = {isa = PBXBuildFile; fileRef = FFDC64821F14073E00C7705C /* GoogleService-Info.plist */; };
		FFDC64861F150C3E00C7705C /* User.swift in Sources */ = {isa = PBXBuildFile; fileRef = FFDC64851F150C3E00C7705C /* User.swift */; };
/* End PBXBuildFile section */

/* Begin PBXFileReference section */
		4D22FD7C4D26589B74440C34 /* Pods-Makestagram.debug.xcconfig */ = {isa = PBXFileReference; includeInIndex = 1; lastKnownFileType = text.xcconfig; name = "Pods-Makestagram.debug.xcconfig"; path = "Pods/Target Support Files/Pods-Makestagram/Pods-Makestagram.debug.xcconfig"; sourceTree = "<group>"; };
		990F63A39AA4CE61DEED5954 /* Pods-Makestagram.release.xcconfig */ = {isa = PBXFileReference; includeInIndex = 1; lastKnownFileType = text.xcconfig; name = "Pods-Makestagram.release.xcconfig"; path = "Pods/Target Support Files/Pods-Makestagram/Pods-Makestagram.release.xcconfig"; sourceTree = "<group>"; };
		BDC67B8890F1ECE54C488994 /* Pods_Makestagram.framework */ = {isa = PBXFileReference; explicitFileType = wrapper.framework; includeInIndex = 0; path = Pods_Makestagram.framework; sourceTree = BUILT_PRODUCTS_DIR; };
		FFC233C61F15172A00FBB8AF /* CreateUsernameViewController.swift */ = {isa = PBXFileReference; fileEncoding = 4; lastKnownFileType = sourcecode.swift; path = CreateUsernameViewController.swift; sourceTree = "<group>"; };
		FFC233C91F15248900FBB8AF /* UserService.swift */ = {isa = PBXFileReference; fileEncoding = 4; lastKnownFileType = sourcecode.swift; path = UserService.swift; sourceTree = "<group>"; };
		FFC233CB1F15444300FBB8AF /* Constants.swift */ = {isa = PBXFileReference; fileEncoding = 4; lastKnownFileType = sourcecode.swift; path = Constants.swift; sourceTree = "<group>"; };
		FFDC644F1F13C1F700C7705C /* Makestagram.app */ = {isa = PBXFileReference; explicitFileType = wrapper.application; includeInIndex = 0; path = Makestagram.app; sourceTree = BUILT_PRODUCTS_DIR; };
		FFDC64521F13C1F700C7705C /* AppDelegate.swift */ = {isa = PBXFileReference; lastKnownFileType = sourcecode.swift; path = AppDelegate.swift; sourceTree = "<group>"; };
		FFDC64591F13C1F700C7705C /* Assets.xcassets */ = {isa = PBXFileReference; lastKnownFileType = folder.assetcatalog; path = Assets.xcassets; sourceTree = "<group>"; };
		FFDC64681F13C5A100C7705C /* LaunchScreen.storyboard */ = {isa = PBXFileReference; fileEncoding = 4; lastKnownFileType = file.storyboard; name = LaunchScreen.storyboard; path = Storyboards/LaunchScreen.storyboard; sourceTree = "<group>"; };
		FFDC64691F13C5A100C7705C /* Main.storyboard */ = {isa = PBXFileReference; fileEncoding = 4; lastKnownFileType = file.storyboard; name = Main.storyboard; path = Storyboards/Main.storyboard; sourceTree = "<group>"; };
		FFDC646B1F13C5A100C7705C /* Info.plist */ = {isa = PBXFileReference; fileEncoding = 4; lastKnownFileType = text.plist.xml; name = Info.plist; path = Supporting/Info.plist; sourceTree = "<group>"; };
		FFDC646C1F13C5A100C7705C /* ViewController.swift */ = {isa = PBXFileReference; fileEncoding = 4; lastKnownFileType = sourcecode.swift; name = ViewController.swift; path = Controllers/ViewController.swift; sourceTree = "<group>"; };
		FFDC64781F13C9F500C7705C /* Login.storyboard */ = {isa = PBXFileReference; fileEncoding = 4; lastKnownFileType = file.storyboard; name = Login.storyboard; path = Storyboards/Login.storyboard; sourceTree = "<group>"; };
		FFDC647C1F13CB4400C7705C /* LoginViewController.swift */ = {isa = PBXFileReference; fileEncoding = 4; lastKnownFileType = sourcecode.swift; path = LoginViewController.swift; sourceTree = "<group>"; };
		FFDC64821F14073E00C7705C /* GoogleService-Info.plist */ = {isa = PBXFileReference; fileEncoding = 4; lastKnownFileType = text.plist.xml; name = "GoogleService-Info.plist"; path = "../../../Downloads/GoogleService-Info.plist"; sourceTree = "<group>"; };
		FFDC64851F150C3E00C7705C /* User.swift */ = {isa = PBXFileReference; fileEncoding = 4; lastKnownFileType = sourcecode.swift; path = User.swift; sourceTree = "<group>"; };
/* End PBXFileReference section */

/* Begin PBXFrameworksBuildPhase section */
		FFDC644C1F13C1F700C7705C /* Frameworks */ = {
			isa = PBXFrameworksBuildPhase;
			buildActionMask = 2147483647;
			files = (
				03D1642DBD3EEB6539A65F09 /* Pods_Makestagram.framework in Frameworks */,
			);
			runOnlyForDeploymentPostprocessing = 0;
		};
/* End PBXFrameworksBuildPhase section */

/* Begin PBXGroup section */
		310BF0F72AAD1D840036F241 /* Pods */ = {
			isa = PBXGroup;
			children = (
				4D22FD7C4D26589B74440C34 /* Pods-Makestagram.debug.xcconfig */,
				990F63A39AA4CE61DEED5954 /* Pods-Makestagram.release.xcconfig */,
			);
			name = Pods;
			sourceTree = "<group>";
		};
		F2438691367A469815AEC838 /* Frameworks */ = {
			isa = PBXGroup;
			children = (
				BDC67B8890F1ECE54C488994 /* Pods_Makestagram.framework */,
			);
			name = Frameworks;
			sourceTree = "<group>";
		};
		FFC233C81F15245C00FBB8AF /* Services */ = {
			isa = PBXGroup;
			children = (
				FFC233C91F15248900FBB8AF /* UserService.swift */,
			);
			path = Services;
			sourceTree = "<group>";
		};
		FFDC64461F13C1F700C7705C = {
			isa = PBXGroup;
			children = (
				FFDC64511F13C1F700C7705C /* Makestagram */,
				FFDC64501F13C1F700C7705C /* Products */,
				310BF0F72AAD1D840036F241 /* Pods */,
				F2438691367A469815AEC838 /* Frameworks */,
			);
			sourceTree = "<group>";
		};
		FFDC64501F13C1F700C7705C /* Products */ = {
			isa = PBXGroup;
			children = (
				FFDC644F1F13C1F700C7705C /* Makestagram.app */,
			);
			name = Products;
			sourceTree = "<group>";
		};
		FFDC64511F13C1F700C7705C /* Makestagram */ = {
			isa = PBXGroup;
			children = (
				FFC233C81F15245C00FBB8AF /* Services */,
				FFDC64751F13C76800C7705C /* Supporting Files */,
				FFDC64741F13C73A00C7705C /* Storyboards */,
				FFDC64841F150C2100C7705C /* Models */,
				FFDC64731F13C72500C7705C /* View Controllers */,
				FFDC64521F13C1F700C7705C /* AppDelegate.swift */,
				FFDC64591F13C1F700C7705C /* Assets.xcassets */,
			);
			path = Makestagram;
			sourceTree = "<group>";
		};
		FFDC64731F13C72500C7705C /* View Controllers */ = {
			isa = PBXGroup;
			children = (
				FFDC647C1F13CB4400C7705C /* LoginViewController.swift */,
				FFDC646C1F13C5A100C7705C /* ViewController.swift */,
				FFC233C61F15172A00FBB8AF /* CreateUsernameViewController.swift */,
			);
			name = "View Controllers";
			sourceTree = "<group>";
		};
		FFDC64741F13C73A00C7705C /* Storyboards */ = {
			isa = PBXGroup;
			children = (
				FFDC64781F13C9F500C7705C /* Login.storyboard */,
				FFDC64691F13C5A100C7705C /* Main.storyboard */,
			);
			name = Storyboards;
			sourceTree = "<group>";
		};
		FFDC64751F13C76800C7705C /* Supporting Files */ = {
			isa = PBXGroup;
			children = (
				FFDC64681F13C5A100C7705C /* LaunchScreen.storyboard */,
				FFDC64821F14073E00C7705C /* GoogleService-Info.plist */,
				FFDC646B1F13C5A100C7705C /* Info.plist */,
				FFC233CB1F15444300FBB8AF /* Constants.swift */,
			);
			name = "Supporting Files";
			sourceTree = "<group>";
		};
		FFDC64841F150C2100C7705C /* Models */ = {
			isa = PBXGroup;
			children = (
				FFDC64851F150C3E00C7705C /* User.swift */,
			);
			path = Models;
			sourceTree = "<group>";
		};
/* End PBXGroup section */

/* Begin PBXNativeTarget section */
		FFDC644E1F13C1F700C7705C /* Makestagram */ = {
			isa = PBXNativeTarget;
			buildConfigurationList = FFDC64611F13C1F700C7705C /* Build configuration list for PBXNativeTarget "Makestagram" */;
			buildPhases = (
				B4C36A15A0DB2A2EA5112E69 /* [CP] Check Pods Manifest.lock */,
				FFDC644B1F13C1F700C7705C /* Sources */,
				FFDC644C1F13C1F700C7705C /* Frameworks */,
				FFDC644D1F13C1F700C7705C /* Resources */,
				46321C90C58F8675B492335B /* [CP] Embed Pods Frameworks */,
				407832C6B4160D860AF53922 /* [CP] Copy Pods Resources */,
			);
			buildRules = (
			);
			dependencies = (
			);
			name = Makestagram;
			productName = Makestagram;
			productReference = FFDC644F1F13C1F700C7705C /* Makestagram.app */;
			productType = "com.apple.product-type.application";
		};
/* End PBXNativeTarget section */

/* Begin PBXProject section */
		FFDC64471F13C1F700C7705C /* Project object */ = {
			isa = PBXProject;
			attributes = {
				LastSwiftUpdateCheck = 0830;
				LastUpgradeCheck = 0830;
				ORGANIZATIONNAME = JoeSuzuki;
				TargetAttributes = {
					FFDC644E1F13C1F700C7705C = {
						CreatedOnToolsVersion = 8.3.2;
						ProvisioningStyle = Automatic;
					};
				};
			};
			buildConfigurationList = FFDC644A1F13C1F700C7705C /* Build configuration list for PBXProject "Makestagram" */;
			compatibilityVersion = "Xcode 3.2";
			developmentRegion = English;
			hasScannedForEncodings = 0;
			knownRegions = (
				en,
				Base,
			);
			mainGroup = FFDC64461F13C1F700C7705C;
			productRefGroup = FFDC64501F13C1F700C7705C /* Products */;
			projectDirPath = "";
			projectRoot = "";
			targets = (
				FFDC644E1F13C1F700C7705C /* Makestagram */,
			);
		};
/* End PBXProject section */

/* Begin PBXResourcesBuildPhase section */
		FFDC644D1F13C1F700C7705C /* Resources */ = {
			isa = PBXResourcesBuildPhase;
			buildActionMask = 2147483647;
			files = (
				FFDC646E1F13C5A100C7705C /* Main.storyboard in Resources */,
				FFDC645A1F13C1F700C7705C /* Assets.xcassets in Resources */,
				FFDC64831F14073E00C7705C /* GoogleService-Info.plist in Resources */,
				FFDC64791F13C9F500C7705C /* Login.storyboard in Resources */,
				FFDC646D1F13C5A100C7705C /* LaunchScreen.storyboard in Resources */,
			);
			runOnlyForDeploymentPostprocessing = 0;
		};
/* End PBXResourcesBuildPhase section */

/* Begin PBXShellScriptBuildPhase section */
		407832C6B4160D860AF53922 /* [CP] Copy Pods Resources */ = {
			isa = PBXShellScriptBuildPhase;
			buildActionMask = 2147483647;
			files = (
			);
			inputPaths = (
			);
			name = "[CP] Copy Pods Resources";
			outputPaths = (
			);
			runOnlyForDeploymentPostprocessing = 0;
			shellPath = /bin/sh;
			shellScript = "\"${SRCROOT}/Pods/Target Support Files/Pods-Makestagram/Pods-Makestagram-resources.sh\"\n";
			showEnvVarsInLog = 0;
		};
		46321C90C58F8675B492335B /* [CP] Embed Pods Frameworks */ = {
			isa = PBXShellScriptBuildPhase;
			buildActionMask = 2147483647;
			files = (
			);
			inputPaths = (
			);
			name = "[CP] Embed Pods Frameworks";
			outputPaths = (
			);
			runOnlyForDeploymentPostprocessing = 0;
			shellPath = /bin/sh;
			shellScript = "\"${SRCROOT}/Pods/Target Support Files/Pods-Makestagram/Pods-Makestagram-frameworks.sh\"\n";
			showEnvVarsInLog = 0;
		};
		B4C36A15A0DB2A2EA5112E69 /* [CP] Check Pods Manifest.lock */ = {
			isa = PBXShellScriptBuildPhase;
			buildActionMask = 2147483647;
			files = (
			);
			inputPaths = (
			);
			name = "[CP] Check Pods Manifest.lock";
			outputPaths = (
			);
			runOnlyForDeploymentPostprocessing = 0;
			shellPath = /bin/sh;
			shellScript = "diff \"${PODS_PODFILE_DIR_PATH}/Podfile.lock\" \"${PODS_ROOT}/Manifest.lock\" > /dev/null\nif [ $? != 0 ] ; then\n    # print error to STDERR\n    echo \"error: The sandbox is not in sync with the Podfile.lock. Run 'pod install' or update your CocoaPods installation.\" >&2\n    exit 1\nfi\n";
			showEnvVarsInLog = 0;
		};
/* End PBXShellScriptBuildPhase section */

/* Begin PBXSourcesBuildPhase section */
		FFDC644B1F13C1F700C7705C /* Sources */ = {
			isa = PBXSourcesBuildPhase;
			buildActionMask = 2147483647;
			files = (
				FFDC64861F150C3E00C7705C /* User.swift in Sources */,
				FFDC647D1F13CB4400C7705C /* LoginViewController.swift in Sources */,
				FFC233CA1F15248A00FBB8AF /* UserService.swift in Sources */,
				FFDC64711F13C5A100C7705C /* ViewController.swift in Sources */,
				FFC233CC1F15444300FBB8AF /* Constants.swift in Sources */,
				FFC233C71F15172A00FBB8AF /* CreateUsernameViewController.swift in Sources */,
				FFDC64531F13C1F700C7705C /* AppDelegate.swift in Sources */,
			);
			runOnlyForDeploymentPostprocessing = 0;
		};
/* End PBXSourcesBuildPhase section */

/* Begin XCBuildConfiguration section */
		FFDC645F1F13C1F700C7705C /* Debug */ = {
			isa = XCBuildConfiguration;
			buildSettings = {
				ALWAYS_SEARCH_USER_PATHS = NO;
				CLANG_ANALYZER_NONNULL = YES;
				CLANG_ANALYZER_NUMBER_OBJECT_CONVERSION = YES_AGGRESSIVE;
				CLANG_CXX_LANGUAGE_STANDARD = "gnu++0x";
				CLANG_CXX_LIBRARY = "libc++";
				CLANG_ENABLE_MODULES = YES;
				CLANG_ENABLE_OBJC_ARC = YES;
				CLANG_WARN_BOOL_CONVERSION = YES;
				CLANG_WARN_CONSTANT_CONVERSION = YES;
				CLANG_WARN_DIRECT_OBJC_ISA_USAGE = YES_ERROR;
				CLANG_WARN_DOCUMENTATION_COMMENTS = YES;
				CLANG_WARN_EMPTY_BODY = YES;
				CLANG_WARN_ENUM_CONVERSION = YES;
				CLANG_WARN_INFINITE_RECURSION = YES;
				CLANG_WARN_INT_CONVERSION = YES;
				CLANG_WARN_OBJC_ROOT_CLASS = YES_ERROR;
				CLANG_WARN_SUSPICIOUS_MOVE = YES;
				CLANG_WARN_UNREACHABLE_CODE = YES;
				CLANG_WARN__DUPLICATE_METHOD_MATCH = YES;
				"CODE_SIGN_IDENTITY[sdk=iphoneos*]" = "iPhone Developer";
				COPY_PHASE_STRIP = NO;
				DEBUG_INFORMATION_FORMAT = dwarf;
				ENABLE_STRICT_OBJC_MSGSEND = YES;
				ENABLE_TESTABILITY = YES;
				GCC_C_LANGUAGE_STANDARD = gnu99;
				GCC_DYNAMIC_NO_PIC = NO;
				GCC_NO_COMMON_BLOCKS = YES;
				GCC_OPTIMIZATION_LEVEL = 0;
				GCC_PREPROCESSOR_DEFINITIONS = (
					"DEBUG=1",
					"$(inherited)",
				);
				GCC_WARN_64_TO_32_BIT_CONVERSION = YES;
				GCC_WARN_ABOUT_RETURN_TYPE = YES_ERROR;
				GCC_WARN_UNDECLARED_SELECTOR = YES;
				GCC_WARN_UNINITIALIZED_AUTOS = YES_AGGRESSIVE;
				GCC_WARN_UNUSED_FUNCTION = YES;
				GCC_WARN_UNUSED_VARIABLE = YES;
				IPHONEOS_DEPLOYMENT_TARGET = 10.3;
				MTL_ENABLE_DEBUG_INFO = YES;
				ONLY_ACTIVE_ARCH = YES;
				SDKROOT = iphoneos;
				SWIFT_ACTIVE_COMPILATION_CONDITIONS = DEBUG;
				SWIFT_OPTIMIZATION_LEVEL = "-Onone";
			};
			name = Debug;
		};
		FFDC64601F13C1F700C7705C /* Release */ = {
			isa = XCBuildConfiguration;
			buildSettings = {
				ALWAYS_SEARCH_USER_PATHS = NO;
				CLANG_ANALYZER_NONNULL = YES;
				CLANG_ANALYZER_NUMBER_OBJECT_CONVERSION = YES_AGGRESSIVE;
				CLANG_CXX_LANGUAGE_STANDARD = "gnu++0x";
				CLANG_CXX_LIBRARY = "libc++";
				CLANG_ENABLE_MODULES = YES;
				CLANG_ENABLE_OBJC_ARC = YES;
				CLANG_WARN_BOOL_CONVERSION = YES;
				CLANG_WARN_CONSTANT_CONVERSION = YES;
				CLANG_WARN_DIRECT_OBJC_ISA_USAGE = YES_ERROR;
				CLANG_WARN_DOCUMENTATION_COMMENTS = YES;
				CLANG_WARN_EMPTY_BODY = YES;
				CLANG_WARN_ENUM_CONVERSION = YES;
				CLANG_WARN_INFINITE_RECURSION = YES;
				CLANG_WARN_INT_CONVERSION = YES;
				CLANG_WARN_OBJC_ROOT_CLASS = YES_ERROR;
				CLANG_WARN_SUSPICIOUS_MOVE = YES;
				CLANG_WARN_UNREACHABLE_CODE = YES;
				CLANG_WARN__DUPLICATE_METHOD_MATCH = YES;
				"CODE_SIGN_IDENTITY[sdk=iphoneos*]" = "iPhone Developer";
				COPY_PHASE_STRIP = NO;
				DEBUG_INFORMATION_FORMAT = "dwarf-with-dsym";
				ENABLE_NS_ASSERTIONS = NO;
				ENABLE_STRICT_OBJC_MSGSEND = YES;
				GCC_C_LANGUAGE_STANDARD = gnu99;
				GCC_NO_COMMON_BLOCKS = YES;
				GCC_WARN_64_TO_32_BIT_CONVERSION = YES;
				GCC_WARN_ABOUT_RETURN_TYPE = YES_ERROR;
				GCC_WARN_UNDECLARED_SELECTOR = YES;
				GCC_WARN_UNINITIALIZED_AUTOS = YES_AGGRESSIVE;
				GCC_WARN_UNUSED_FUNCTION = YES;
				GCC_WARN_UNUSED_VARIABLE = YES;
				IPHONEOS_DEPLOYMENT_TARGET = 10.3;
				MTL_ENABLE_DEBUG_INFO = NO;
				SDKROOT = iphoneos;
				SWIFT_OPTIMIZATION_LEVEL = "-Owholemodule";
				VALIDATE_PRODUCT = YES;
			};
			name = Release;
		};
		FFDC64621F13C1F700C7705C /* Debug */ = {
			isa = XCBuildConfiguration;
			baseConfigurationReference = 4D22FD7C4D26589B74440C34 /* Pods-Makestagram.debug.xcconfig */;
			buildSettings = {
				ASSETCATALOG_COMPILER_APPICON_NAME = AppIcon;
				INFOPLIST_FILE = "$(SRCROOT)/Makestagram/Supporting/Info.plist";
				LD_RUNPATH_SEARCH_PATHS = "$(inherited) @executable_path/Frameworks";
				PRODUCT_BUNDLE_IDENTIFIER = com.JSuzuki.Makestagram;
				PRODUCT_NAME = "$(TARGET_NAME)";
				SWIFT_VERSION = 3.0;
			};
			name = Debug;
		};
		FFDC64631F13C1F700C7705C /* Release */ = {
			isa = XCBuildConfiguration;
			baseConfigurationReference = 990F63A39AA4CE61DEED5954 /* Pods-Makestagram.release.xcconfig */;
			buildSettings = {
				ASSETCATALOG_COMPILER_APPICON_NAME = AppIcon;
				INFOPLIST_FILE = "$(SRCROOT)/Makestagram/Supporting/Info.plist";
				LD_RUNPATH_SEARCH_PATHS = "$(inherited) @executable_path/Frameworks";
				PRODUCT_BUNDLE_IDENTIFIER = com.JSuzuki.Makestagram;
				PRODUCT_NAME = "$(TARGET_NAME)";
				SWIFT_VERSION = 3.0;
			};
			name = Release;
		};
/* End XCBuildConfiguration section */

/* Begin XCConfigurationList section */
		FFDC644A1F13C1F700C7705C /* Build configuration list for PBXProject "Makestagram" */ = {
			isa = XCConfigurationList;
			buildConfigurations = (
				FFDC645F1F13C1F700C7705C /* Debug */,
				FFDC64601F13C1F700C7705C /* Release */,
			);
			defaultConfigurationIsVisible = 0;
			defaultConfigurationName = Release;
		};
		FFDC64611F13C1F700C7705C /* Build configuration list for PBXNativeTarget "Makestagram" */ = {
			isa = XCConfigurationList;
			buildConfigurations = (
				FFDC64621F13C1F700C7705C /* Debug */,
				FFDC64631F13C1F700C7705C /* Release */,
			);
			defaultConfigurationIsVisible = 0;
			defaultConfigurationName = Release;
		};
/* End XCConfigurationList section */
	};
	rootObject = FFDC64471F13C1F700C7705C /* Project object */;
}
